
Microsoft Visual Studio Solution File, Format Version 12.00
# Visual Studio Version 16
VisualStudioVersion = 16.0.30011.22
MinimumVisualStudioVersion = 10.0.40219.1
Project("{FAE04EC0-301F-11D3-BF4B-00C04F79EFBC}") = "BlogApp.WebUI", "BlogApp.WebUI\BlogApp.WebUI.csproj", "{36B404FC-37B2-49D1-9E1A-20BE19E8D302}"
EndProject
Project("{FAE04EC0-301F-11D3-BF4B-00C04F79EFBC}") = "BlogApp.Entity", "BlogApp.Entity\BlogApp.Entity.csproj", "{CCC35044-1839-4C7A-81B0-BC40913A6C9E}"
EndProject
Project("{FAE04EC0-301F-11D3-BF4B-00C04F79EFBC}") = "BlogApp.Data", "BlogApp.Data\BlogApp.Data.csproj", "{30705125-4B0D-4454-ADDD-488A095C0A7A}"
EndProject
Global
	GlobalSection(SolutionConfigurationPlatforms) = preSolution
		Debug|Any CPU = Debug|Any CPU
		Release|Any CPU = Release|Any CPU
	EndGlobalSection
	GlobalSection(ProjectConfigurationPlatforms) = postSolution
		{36B404FC-37B2-49D1-9E1A-20BE19E8D302}.Debug|Any CPU.ActiveCfg = Debug|Any CPU
		{36B404FC-37B2-49D1-9E1A-20BE19E8D302}.Debug|Any CPU.Build.0 = Debug|Any CPU
		{36B404FC-37B2-49D1-9E1A-20BE19E8D302}.Release|Any CPU.ActiveCfg = Release|Any CPU
		{36B404FC-37B2-49D1-9E1A-20BE19E8D302}.Release|Any CPU.Build.0 = Release|Any CPU
		{CCC35044-1839-4C7A-81B0-BC40913A6C9E}.Debug|Any CPU.ActiveCfg = Debug|Any CPU
		{CCC35044-1839-4C7A-81B0-BC40913A6C9E}.Debug|Any CPU.Build.0 = Debug|Any CPU
		{CCC35044-1839-4C7A-81B0-BC40913A6C9E}.Release|Any CPU.ActiveCfg = Release|Any CPU
		{CCC35044-1839-4C7A-81B0-BC40913A6C9E}.Release|Any CPU.Build.0 = Release|Any CPU
		{30705125-4B0D-4454-ADDD-488A095C0A7A}.Debug|Any CPU.ActiveCfg = Debug|Any CPU
		{30705125-4B0D-4454-ADDD-488A095C0A7A}.Debug|Any CPU.Build.0 = Debug|Any CPU
		{30705125-4B0D-4454-ADDD-488A095C0A7A}.Release|Any CPU.ActiveCfg = Release|Any CPU
		{30705125-4B0D-4454-ADDD-488A095C0A7A}.Release|Any CPU.Build.0 = Release|Any CPU
	EndGlobalSection
	GlobalSection(SolutionProperties) = preSolution
		HideSolutionNode = FALSE
	EndGlobalSection
	GlobalSection(ExtensibilityGlobals) = postSolution
		SolutionGuid = {BFA1059B-FB98-489D-BF81-AB4A2F857418}
	EndGlobalSection
EndGlobal
